<?xml version="1.0" encoding="utf-8"?>
<Project ToolsVersion="4.0" xmlns="http://schemas.microsoft.com/developer/msbuild/2003">
  <ItemGroup>
    <ClInclude Include="Camera.h">
      <Filter>Headers</Filter>
    </ClInclude>
    <ClInclude Include="Core.h">
      <Filter>Headers</Filter>
    </ClInclude>
    <ClInclude Include="d3dx12.h">
      <Filter>Headers</Filter>
    </ClInclude>
    <ClInclude Include="DeviceResources.h">
      <Filter>Headers</Filter>
    </ClInclude>
    <ClInclude Include="DirectXRaytracingHelper.h">
      <Filter>Headers</Filter>
    </ClInclude>
    <ClInclude Include="DXCore.h">
      <Filter>Headers</Filter>
    </ClInclude>
    <ClInclude Include="DXSampleHelper.h">
      <Filter>Headers</Filter>
    </ClInclude>
    <ClInclude Include="Geometry.h">
      <Filter>Headers</Filter>
    </ClInclude>
    <ClInclude Include="HlslCompat.h">
      <Filter>Headers</Filter>
    </ClInclude>
    <ClInclude Include="Math.h">
      <Filter>Headers</Filter>
    </ClInclude>
    <ClInclude Include="Mesh.h">
      <Filter>Headers</Filter>
    </ClInclude>
    <ClInclude Include="PerformanceTimers.h">
      <Filter>Headers</Filter>
    </ClInclude>
    <ClInclude Include="range.hpp">
      <Filter>Headers</Filter>
    </ClInclude>
    <ClInclude Include="RayTracingHlslCompat.h">
      <Filter>Headers</Filter>
    </ClInclude>
    <ClInclude Include="RaytracingSceneDefines.h">
      <Filter>Headers</Filter>
    </ClInclude>
    <ClInclude Include="stdafx.h">
      <Filter>Headers</Filter>
    </ClInclude>
    <ClInclude Include="StepTimer.h">
      <Filter>Headers</Filter>
    </ClInclude>
    <ClInclude Include="Texture.h">
      <Filter>Headers</Filter>
    </ClInclude>
    <ClInclude Include="WicTextureLoader.h">
      <Filter>Headers</Filter>
    </ClInclude>
    <ClInclude Include="Win32Application.h">
      <Filter>Headers</Filter>
    </ClInclude>
  </ItemGroup>
  <ItemGroup>
    <Filter Include="Headers">
      <UniqueIdentifier>{c00b4901-b39d-434c-9b50-936689304642}</UniqueIdentifier>
    </Filter>
    <Filter Include="Source">
      <UniqueIdentifier>{cef66aee-0176-44ad-ada2-878a15c5b099}</UniqueIdentifier>
    </Filter>
    <Filter Include="HLSL Header">
      <UniqueIdentifier>{2e969269-d42d-4cca-a804-18f6e0b3bdf5}</UniqueIdentifier>
    </Filter>
    <Filter Include="HLSL Source">
      <UniqueIdentifier>{34c03a23-d6f4-42d6-a93a-6a232e06e763}</UniqueIdentifier>
    </Filter>
    <Filter Include="Scripts">
      <UniqueIdentifier>{5a30275c-8441-47a8-97bb-e09142c4a523}</UniqueIdentifier>
    </Filter>
  </ItemGroup>
  <ItemGroup>
    <ClCompile Include="Camera.cpp">
      <Filter>Source</Filter>
    </ClCompile>
    <ClCompile Include="Core.cpp">
      <Filter>Source</Filter>
    </ClCompile>
    <ClCompile Include="DeviceResources.cpp">
      <Filter>Source</Filter>
    </ClCompile>
    <ClCompile Include="DXCore.cpp">
      <Filter>Source</Filter>
    </ClCompile>
    <ClCompile Include="Geometry.cpp">
      <Filter>Source</Filter>
    </ClCompile>
    <ClCompile Include="Main.cpp">
      <Filter>Source</Filter>
    </ClCompile>
    <ClCompile Include="Math.cpp">
      <Filter>Source</Filter>
    </ClCompile>
    <ClCompile Include="PerformanceTimers.cpp">
      <Filter>Source</Filter>
    </ClCompile>
    <ClCompile Include="stdafx.cpp">
      <Filter>Source</Filter>
    </ClCompile>
    <ClCompile Include="Win32Application.cpp">
      <Filter>Source</Filter>
    </ClCompile>
  </ItemGroup>
  <ItemGroup>
    <None Include="BxDF.hlsli">
      <Filter>HLSL Header</Filter>
    </None>
    <None Include="RandomNumberGenerator.hlsli">
      <Filter>HLSL Header</Filter>
    </None>
    <None Include="RaytracingShaderHelper.hlsli">
      <Filter>HLSL Header</Filter>
    </None>
    <None Include="LuaScripts\MyScript.lua">
      <Filter>Scripts</Filter>
    </None>
  </ItemGroup>
  <ItemGroup>
    <FxCompile Include="RadianceMS.hlsl">
      <Filter>HLSL Source</Filter>
    </FxCompile>
    <FxCompile Include="Raytracing.hlsl">
      <Filter>HLSL Source</Filter>
    </FxCompile>
    <FxCompile Include="ShadowMS.hlsl">
      <Filter>HLSL Source</Filter>
    </FxCompile>
    <FxCompile Include="ViewRG.hlsl">
      <Filter>HLSL Source</Filter>
    </FxCompile>
    <FxCompile Include="CompositionCS.hlsl">
      <Filter>HLSL Source</Filter>
    </FxCompile>
    <FxCompile Include="RadianceCH.hlsl">
      <Filter>HLSL Source</Filter>
    </FxCompile>
  </ItemGroup>
</Project>